
Microsoft Visual Studio Solution File, Format Version 12.00
# Visual Studio Version 16
VisualStudioVersion = 16.0.33529.622
MinimumVisualStudioVersion = 10.0.40219.1
Project("{FAE04EC0-301F-11D3-BF4B-00C04F79EFBC}") = "CiS", "CiS.csproj", "{FBFB6BE8-2118-4C66-A046-1D2CCCCA9560}"
EndProject
Global
	GlobalSection(SolutionConfigurationPlatforms) = preSolution
		Debug|Any CPU = Debug|Any CPU
		Release|Any CPU = Release|Any CPU
	EndGlobalSection
	GlobalSection(ProjectConfigurationPlatforms) = postSolution
		{FBFB6BE8-2118-4C66-A046-1D2CCCCA9560}.Debug|Any CPU.ActiveCfg = Debug|Any CPU
		{FBFB6BE8-2118-4C66-A046-1D2CCCCA9560}.Debug|Any CPU.Build.0 = Debug|Any CPU
		{FBFB6BE8-2118-4C66-A046-1D2CCCCA9560}.Release|Any CPU.ActiveCfg = Release|Any CPU
		{FBFB6BE8-2118-4C66-A046-1D2CCCCA9560}.Release|Any CPU.Build.0 = Release|Any CPU
	EndGlobalSection
	GlobalSection(SolutionProperties) = preSolution
		HideSolutionNode = FALSE
	EndGlobalSection
	GlobalSection(ExtensibilityGlobals) = postSolution
		SolutionGuid = {A9284C81-7A47-4FD2-8A69-0C03C98DA1DB}
	EndGlobalSection
EndGlobal
